<?xml version="1.0" encoding="utf-8"?>
<Project ToolsVersion="4.0" xmlns="http://schemas.microsoft.com/developer/msbuild/2003">
  <ItemGroup>
    <Filter Include="RWE">
      <UniqueIdentifier>{331B880B-9F24-887C-28A0-9E7C94A8937C}</UniqueIdentifier>
    </Filter>
    <Filter Include="RWE\Events">
      <UniqueIdentifier>{B7CF8E90-A387-D0DD-0C8F-A939F8656BCE}</UniqueIdentifier>
    </Filter>
  </ItemGroup>
  <ItemGroup>
    <ClInclude Include="source\RWE\Core.h">
      <Filter>RWE</Filter>
    </ClInclude>
    <ClInclude Include="source\RWE\Entry.h">
      <Filter>RWE</Filter>
    </ClInclude>
    <ClInclude Include="source\RWE\Events\ApplicationEvent.h">
      <Filter>RWE\Events</Filter>
    </ClInclude>
    <ClInclude Include="source\RWE\Events\Event.h">
      <Filter>RWE\Events</Filter>
    </ClInclude>
    <ClInclude Include="source\RWE\Events\KeyEvent.h">
      <Filter>RWE\Events</Filter>
    </ClInclude>
    <ClInclude Include="source\RWE\Events\MouseEvent.h">
      <Filter>RWE\Events</Filter>
    </ClInclude>
    <ClInclude Include="source\RWE\Log.h">
      <Filter>RWE</Filter>
    </ClInclude>
    <ClInclude Include="source\RWE\RWEApp.h">
      <Filter>RWE</Filter>
    </ClInclude>
    <ClInclude Include="source\RenderWorksEngine.h" />
  </ItemGroup>
  <ItemGroup>
    <ClCompile Include="source\RWE\Log.cpp">
      <Filter>RWE</Filter>
    </ClCompile>
    <ClCompile Include="source\RWE\RWEApp.cpp">
      <Filter>RWE</Filter>
    </ClCompile>
  </ItemGroup>
</Project>